
Microsoft Visual Studio Solution File, Format Version 12.00
# Visual Studio Version 17
VisualStudioVersion = 17.11.35303.130
MinimumVisualStudioVersion = 10.0.40219.1
Project("{FAE04EC0-301F-11D3-BF4B-00C04F79EFBC}") = "DynamicArray_v2", "DynamicArray_v2\DynamicArray_v2.csproj", "{F56382EB-697F-44C3-BF9F-B2E933229BA8}"
EndProject
Global
	GlobalSection(SolutionConfigurationPlatforms) = preSolution
		Debug|Any CPU = Debug|Any CPU
		Release|Any CPU = Release|Any CPU
	EndGlobalSection
	GlobalSection(ProjectConfigurationPlatforms) = postSolution
		{F56382EB-697F-44C3-BF9F-B2E933229BA8}.Debug|Any CPU.ActiveCfg = Debug|Any CPU
		{F56382EB-697F-44C3-BF9F-B2E933229BA8}.Debug|Any CPU.Build.0 = Debug|Any CPU
		{F56382EB-697F-44C3-BF9F-B2E933229BA8}.Release|Any CPU.ActiveCfg = Release|Any CPU
		{F56382EB-697F-44C3-BF9F-B2E933229BA8}.Release|Any CPU.Build.0 = Release|Any CPU
	EndGlobalSection
	GlobalSection(SolutionProperties) = preSolution
		HideSolutionNode = FALSE
	EndGlobalSection
	GlobalSection(ExtensibilityGlobals) = postSolution
		SolutionGuid = {4D01D21C-0707-47BD-B71C-0131540F3656}
	EndGlobalSection
EndGlobal
